
Microsoft Visual Studio Solution File, Format Version 12.00
# Visual Studio 14
VisualStudioVersion = 14.0.23107.0
MinimumVisualStudioVersion = 10.0.40219.1
Project("{2150E333-8FDC-42A3-9474-1A3956D46DE8}") = "UI", "UI", "{B982780F-7757-4EA4-AF76-E55882376897}"
EndProject
Project("{2150E333-8FDC-42A3-9474-1A3956D46DE8}") = "System", "System", "{0D1127B0-D6D0-4B30-A8E7-1FC0B1551441}"
EndProject
Project("{FAE04EC0-301F-11D3-BF4B-00C04F79EFBC}") = "Common", "src\app\Common\Common.csproj", "{F3FDF29A-65C6-4E4A-83E2-DFF1B9C80CD1}"
EndProject
Project("{FAE04EC0-301F-11D3-BF4B-00C04F79EFBC}") = "Core", "src\app\Core\Core.csproj", "{4A77B511-E687-4F81-9052-895EFE74A33E}"
EndProject
Project("{FAE04EC0-301F-11D3-BF4B-00C04F79EFBC}") = "Infrastructure", "src\app\Infrastructure\Infrastructure.csproj", "{877BC511-D8A1-4B3E-AB3F-EFE08393CF94}"
EndProject
Project("{FAE04EC0-301F-11D3-BF4B-00C04F79EFBC}") = "UI.Common", "src\app\UI.Common\UI.Common.csproj", "{D0016582-B497-400B-A20D-BC32CAB373BE}"
EndProject
Project("{FAE04EC0-301F-11D3-BF4B-00C04F79EFBC}") = "Api", "src\app\UI\API\Api.csproj", "{CC36CF90-CD31-4C37-99FF-701D28742D3F}"
EndProject
Project("{FAE04EC0-301F-11D3-BF4B-00C04F79EFBC}") = "CMS", "src\app\UI\CMS\CMS.csproj", "{3D353854-A00A-40E2-91C0-EBDA82F795E8}"
EndProject
Global
	GlobalSection(SolutionConfigurationPlatforms) = preSolution
		Debug|Any CPU = Debug|Any CPU
		Release|Any CPU = Release|Any CPU
	EndGlobalSection
	GlobalSection(ProjectConfigurationPlatforms) = postSolution
		{F3FDF29A-65C6-4E4A-83E2-DFF1B9C80CD1}.Debug|Any CPU.ActiveCfg = Debug|Any CPU
		{F3FDF29A-65C6-4E4A-83E2-DFF1B9C80CD1}.Debug|Any CPU.Build.0 = Debug|Any CPU
		{F3FDF29A-65C6-4E4A-83E2-DFF1B9C80CD1}.Release|Any CPU.ActiveCfg = Release|Any CPU
		{F3FDF29A-65C6-4E4A-83E2-DFF1B9C80CD1}.Release|Any CPU.Build.0 = Release|Any CPU
		{4A77B511-E687-4F81-9052-895EFE74A33E}.Debug|Any CPU.ActiveCfg = Debug|Any CPU
		{4A77B511-E687-4F81-9052-895EFE74A33E}.Debug|Any CPU.Build.0 = Debug|Any CPU
		{4A77B511-E687-4F81-9052-895EFE74A33E}.Release|Any CPU.ActiveCfg = Release|Any CPU
		{4A77B511-E687-4F81-9052-895EFE74A33E}.Release|Any CPU.Build.0 = Release|Any CPU
		{877BC511-D8A1-4B3E-AB3F-EFE08393CF94}.Debug|Any CPU.ActiveCfg = Debug|Any CPU
		{877BC511-D8A1-4B3E-AB3F-EFE08393CF94}.Debug|Any CPU.Build.0 = Debug|Any CPU
		{877BC511-D8A1-4B3E-AB3F-EFE08393CF94}.Release|Any CPU.ActiveCfg = Release|Any CPU
		{877BC511-D8A1-4B3E-AB3F-EFE08393CF94}.Release|Any CPU.Build.0 = Release|Any CPU
		{D0016582-B497-400B-A20D-BC32CAB373BE}.Debug|Any CPU.ActiveCfg = Debug|Any CPU
		{D0016582-B497-400B-A20D-BC32CAB373BE}.Debug|Any CPU.Build.0 = Debug|Any CPU
		{D0016582-B497-400B-A20D-BC32CAB373BE}.Release|Any CPU.ActiveCfg = Release|Any CPU
		{D0016582-B497-400B-A20D-BC32CAB373BE}.Release|Any CPU.Build.0 = Release|Any CPU
		{CC36CF90-CD31-4C37-99FF-701D28742D3F}.Debug|Any CPU.ActiveCfg = Debug|Any CPU
		{CC36CF90-CD31-4C37-99FF-701D28742D3F}.Debug|Any CPU.Build.0 = Debug|Any CPU
		{CC36CF90-CD31-4C37-99FF-701D28742D3F}.Release|Any CPU.ActiveCfg = Release|Any CPU
		{CC36CF90-CD31-4C37-99FF-701D28742D3F}.Release|Any CPU.Build.0 = Release|Any CPU
		{3D353854-A00A-40E2-91C0-EBDA82F795E8}.Debug|Any CPU.ActiveCfg = Debug|Any CPU
		{3D353854-A00A-40E2-91C0-EBDA82F795E8}.Debug|Any CPU.Build.0 = Debug|Any CPU
		{3D353854-A00A-40E2-91C0-EBDA82F795E8}.Release|Any CPU.ActiveCfg = Release|Any CPU
		{3D353854-A00A-40E2-91C0-EBDA82F795E8}.Release|Any CPU.Build.0 = Release|Any CPU
	EndGlobalSection
	GlobalSection(SolutionProperties) = preSolution
		HideSolutionNode = FALSE
	EndGlobalSection
	GlobalSection(NestedProjects) = preSolution
		{F3FDF29A-65C6-4E4A-83E2-DFF1B9C80CD1} = {0D1127B0-D6D0-4B30-A8E7-1FC0B1551441}
		{4A77B511-E687-4F81-9052-895EFE74A33E} = {0D1127B0-D6D0-4B30-A8E7-1FC0B1551441}
		{877BC511-D8A1-4B3E-AB3F-EFE08393CF94} = {0D1127B0-D6D0-4B30-A8E7-1FC0B1551441}
		{D0016582-B497-400B-A20D-BC32CAB373BE} = {0D1127B0-D6D0-4B30-A8E7-1FC0B1551441}
		{CC36CF90-CD31-4C37-99FF-701D28742D3F} = {B982780F-7757-4EA4-AF76-E55882376897}
		{3D353854-A00A-40E2-91C0-EBDA82F795E8} = {B982780F-7757-4EA4-AF76-E55882376897}
	EndGlobalSection
EndGlobal
